
Microsoft Visual Studio Solution File, Format Version 12.00
# Visual Studio Version 17
VisualStudioVersion = 17.14.36603.0 d17.14
MinimumVisualStudioVersion = 10.0.40219.1
Project("{FAE04EC0-301F-11D3-BF4B-00C04F79EFBC}") = "RentCar_BE", "RentCar_BE\RentCar_BE.csproj", "{EDC208D5-2F3B-4A6F-9FE4-5DCDFF17F71B}"
EndProject
Global
	GlobalSection(SolutionConfigurationPlatforms) = preSolution
		Debug|Any CPU = Debug|Any CPU
		Release|Any CPU = Release|Any CPU
	EndGlobalSection
	GlobalSection(ProjectConfigurationPlatforms) = postSolution
		{EDC208D5-2F3B-4A6F-9FE4-5DCDFF17F71B}.Debug|Any CPU.ActiveCfg = Debug|Any CPU
		{EDC208D5-2F3B-4A6F-9FE4-5DCDFF17F71B}.Debug|Any CPU.Build.0 = Debug|Any CPU
		{EDC208D5-2F3B-4A6F-9FE4-5DCDFF17F71B}.Release|Any CPU.ActiveCfg = Release|Any CPU
		{EDC208D5-2F3B-4A6F-9FE4-5DCDFF17F71B}.Release|Any CPU.Build.0 = Release|Any CPU
	EndGlobalSection
	GlobalSection(SolutionProperties) = preSolution
		HideSolutionNode = FALSE
	EndGlobalSection
	GlobalSection(ExtensibilityGlobals) = postSolution
		SolutionGuid = {7FB7C3D0-E93A-4096-B032-E885CE183EBB}
	EndGlobalSection
EndGlobal
